
Microsoft Visual Studio Solution File, Format Version 11.00
# Visual Studio 2010
Project("{FAE04EC0-301F-11D3-BF4B-00C04F79EFBC}") = "Assembly-CSharp", "Assembly-CSharp.csproj", "{13690b03-b1cb-99ec-13b3-a37c5cdb48be}"
EndProject
Project("{FAE04EC0-301F-11D3-BF4B-00C04F79EFBC}") = "Wave.Essence.Controller.Model", "Wave.Essence.Controller.Model.csproj", "{d4221d53-26b4-fb5e-4e32-a8084ad481d5}"
EndProject
Project("{FAE04EC0-301F-11D3-BF4B-00C04F79EFBC}") = "Wave.Essence.InputModule", "Wave.Essence.InputModule.csproj", "{54cef636-a055-ebef-b197-c28b60d03478}"
EndProject
Project("{FAE04EC0-301F-11D3-BF4B-00C04F79EFBC}") = "Wave.Essence.Hand.Model", "Wave.Essence.Hand.Model.csproj", "{32f44fad-dbca-38bd-38dc-dcbde7dbeb07}"
EndProject
Project("{FAE04EC0-301F-11D3-BF4B-00C04F79EFBC}") = "Wave.Essence.Interaction.Mode", "Wave.Essence.Interaction.Mode.csproj", "{e504a49c-756c-7797-84e5-558a2cc27c0c}"
EndProject
Project("{FAE04EC0-301F-11D3-BF4B-00C04F79EFBC}") = "Assembly-CSharp-Editor", "Assembly-CSharp-Editor.csproj", "{23f8f8a6-2f57-dbc5-fa2f-1207e2088706}"
EndProject
Global
	GlobalSection(SolutionConfigurationPlatforms) = preSolution
		Debug|Any CPU = Debug|Any CPU
	EndGlobalSection
	GlobalSection(ProjectConfigurationPlatforms) = postSolution
		{13690b03-b1cb-99ec-13b3-a37c5cdb48be}.Debug|Any CPU.ActiveCfg = Debug|Any CPU
		{13690b03-b1cb-99ec-13b3-a37c5cdb48be}.Debug|Any CPU.Build.0 = Debug|Any CPU
		{d4221d53-26b4-fb5e-4e32-a8084ad481d5}.Debug|Any CPU.ActiveCfg = Debug|Any CPU
		{d4221d53-26b4-fb5e-4e32-a8084ad481d5}.Debug|Any CPU.Build.0 = Debug|Any CPU
		{54cef636-a055-ebef-b197-c28b60d03478}.Debug|Any CPU.ActiveCfg = Debug|Any CPU
		{54cef636-a055-ebef-b197-c28b60d03478}.Debug|Any CPU.Build.0 = Debug|Any CPU
		{32f44fad-dbca-38bd-38dc-dcbde7dbeb07}.Debug|Any CPU.ActiveCfg = Debug|Any CPU
		{32f44fad-dbca-38bd-38dc-dcbde7dbeb07}.Debug|Any CPU.Build.0 = Debug|Any CPU
		{e504a49c-756c-7797-84e5-558a2cc27c0c}.Debug|Any CPU.ActiveCfg = Debug|Any CPU
		{e504a49c-756c-7797-84e5-558a2cc27c0c}.Debug|Any CPU.Build.0 = Debug|Any CPU
		{23f8f8a6-2f57-dbc5-fa2f-1207e2088706}.Debug|Any CPU.ActiveCfg = Debug|Any CPU
		{23f8f8a6-2f57-dbc5-fa2f-1207e2088706}.Debug|Any CPU.Build.0 = Debug|Any CPU
	EndGlobalSection
	GlobalSection(SolutionProperties) = preSolution
		HideSolutionNode = FALSE
	EndGlobalSection
EndGlobal
